
Microsoft Visual Studio Solution File, Format Version 12.00
# Visual Studio 14
VisualStudioVersion = 14.0.25420.1
MinimumVisualStudioVersion = 10.0.40219.1
Project("{FAE04EC0-301F-11D3-BF4B-00C04F79EFBC}") = "prova_git_2015", "prova_git_2015\prova_git_2015.csproj", "{F8FB6428-E6EB-460B-9007-80B1DFC54247}"
EndProject
Global
	GlobalSection(SolutionConfigurationPlatforms) = preSolution
		Debug|Any CPU = Debug|Any CPU
		Release|Any CPU = Release|Any CPU
	EndGlobalSection
	GlobalSection(ProjectConfigurationPlatforms) = postSolution
		{F8FB6428-E6EB-460B-9007-80B1DFC54247}.Debug|Any CPU.ActiveCfg = Debug|Any CPU
		{F8FB6428-E6EB-460B-9007-80B1DFC54247}.Debug|Any CPU.Build.0 = Debug|Any CPU
		{F8FB6428-E6EB-460B-9007-80B1DFC54247}.Release|Any CPU.ActiveCfg = Release|Any CPU
		{F8FB6428-E6EB-460B-9007-80B1DFC54247}.Release|Any CPU.Build.0 = Release|Any CPU
	EndGlobalSection
	GlobalSection(SolutionProperties) = preSolution
		HideSolutionNode = FALSE
	EndGlobalSection
EndGlobal
